
Microsoft Visual Studio Solution File, Format Version 12.00
# Visual Studio Version 17
VisualStudioVersion = 17.7.34221.43
MinimumVisualStudioVersion = 10.0.40219.1
Project("{FAE04EC0-301F-11D3-BF4B-00C04F79EFBC}") = "WorkoutPlanner", "WorkoutPlanner.csproj", "{852D7531-C7F1-49D9-A360-698D0C5469CC}"
EndProject
Global
	GlobalSection(SolutionConfigurationPlatforms) = preSolution
		Debug|Any CPU = Debug|Any CPU
		Release|Any CPU = Release|Any CPU
	EndGlobalSection
	GlobalSection(ProjectConfigurationPlatforms) = postSolution
		{852D7531-C7F1-49D9-A360-698D0C5469CC}.Debug|Any CPU.ActiveCfg = Debug|Any CPU
		{852D7531-C7F1-49D9-A360-698D0C5469CC}.Debug|Any CPU.Build.0 = Debug|Any CPU
		{852D7531-C7F1-49D9-A360-698D0C5469CC}.Release|Any CPU.ActiveCfg = Release|Any CPU
		{852D7531-C7F1-49D9-A360-698D0C5469CC}.Release|Any CPU.Build.0 = Release|Any CPU
	EndGlobalSection
	GlobalSection(SolutionProperties) = preSolution
		HideSolutionNode = FALSE
	EndGlobalSection
	GlobalSection(ExtensibilityGlobals) = postSolution
		SolutionGuid = {862E7A8A-6C00-45EA-9A90-862AB103050C}
	EndGlobalSection
EndGlobal
